
Microsoft Visual Studio Solution File, Format Version 12.00
# Visual Studio Version 17
VisualStudioVersion = 17.10.35013.160
MinimumVisualStudioVersion = 10.0.40219.1
Project("{FAE04EC0-301F-11D3-BF4B-00C04F79EFBC}") = "ExcelAddInЭкспортДанных", "ExcelAddInЭкспортДанных\ExcelAddInЭкспортДанных.csproj", "{76DCAD79-B6B7-410A-B676-A4299A5DFAC6}"
EndProject
Global
	GlobalSection(SolutionConfigurationPlatforms) = preSolution
		Debug|Any CPU = Debug|Any CPU
		Release|Any CPU = Release|Any CPU
	EndGlobalSection
	GlobalSection(ProjectConfigurationPlatforms) = postSolution
		{76DCAD79-B6B7-410A-B676-A4299A5DFAC6}.Debug|Any CPU.ActiveCfg = Debug|Any CPU
		{76DCAD79-B6B7-410A-B676-A4299A5DFAC6}.Debug|Any CPU.Build.0 = Debug|Any CPU
		{76DCAD79-B6B7-410A-B676-A4299A5DFAC6}.Release|Any CPU.ActiveCfg = Release|Any CPU
		{76DCAD79-B6B7-410A-B676-A4299A5DFAC6}.Release|Any CPU.Build.0 = Release|Any CPU
	EndGlobalSection
	GlobalSection(SolutionProperties) = preSolution
		HideSolutionNode = FALSE
	EndGlobalSection
	GlobalSection(ExtensibilityGlobals) = postSolution
		SolutionGuid = {C4649746-15AE-4BA6-9A11-2D5555D225F5}
	EndGlobalSection
EndGlobal
